
Microsoft Visual Studio Solution File, Format Version 12.00
# Visual Studio Version 17
VisualStudioVersion = 17.8.34408.163
MinimumVisualStudioVersion = 10.0.40219.1
Project("{9A19103F-16F7-4668-BE54-9A1E7A4F7556}") = "PhotoManagment", "PhotoManagment\PhotoManagment.csproj", "{7F4D1323-6FD9-4241-861B-9EE5B7633185}"
EndProject
Project("{FAE04EC0-301F-11D3-BF4B-00C04F79EFBC}") = "DAL", "DAL\DAL.csproj", "{B5C84D8D-1FC0-44CB-8CE5-BEC4CE63322D}"
EndProject
Project("{FAE04EC0-301F-11D3-BF4B-00C04F79EFBC}") = "BLL", "BLL\BLL.csproj", "{C6ADD249-2C81-40D6-AC4A-EEEA5CD1E709}"
EndProject
Global
	GlobalSection(SolutionConfigurationPlatforms) = preSolution
		Debug|Any CPU = Debug|Any CPU
		Release|Any CPU = Release|Any CPU
	EndGlobalSection
	GlobalSection(ProjectConfigurationPlatforms) = postSolution
		{7F4D1323-6FD9-4241-861B-9EE5B7633185}.Debug|Any CPU.ActiveCfg = Debug|Any CPU
		{7F4D1323-6FD9-4241-861B-9EE5B7633185}.Debug|Any CPU.Build.0 = Debug|Any CPU
		{7F4D1323-6FD9-4241-861B-9EE5B7633185}.Release|Any CPU.ActiveCfg = Release|Any CPU
		{7F4D1323-6FD9-4241-861B-9EE5B7633185}.Release|Any CPU.Build.0 = Release|Any CPU
		{B5C84D8D-1FC0-44CB-8CE5-BEC4CE63322D}.Debug|Any CPU.ActiveCfg = Debug|Any CPU
		{B5C84D8D-1FC0-44CB-8CE5-BEC4CE63322D}.Debug|Any CPU.Build.0 = Debug|Any CPU
		{B5C84D8D-1FC0-44CB-8CE5-BEC4CE63322D}.Release|Any CPU.ActiveCfg = Release|Any CPU
		{B5C84D8D-1FC0-44CB-8CE5-BEC4CE63322D}.Release|Any CPU.Build.0 = Release|Any CPU
		{C6ADD249-2C81-40D6-AC4A-EEEA5CD1E709}.Debug|Any CPU.ActiveCfg = Debug|Any CPU
		{C6ADD249-2C81-40D6-AC4A-EEEA5CD1E709}.Debug|Any CPU.Build.0 = Debug|Any CPU
		{C6ADD249-2C81-40D6-AC4A-EEEA5CD1E709}.Release|Any CPU.ActiveCfg = Release|Any CPU
		{C6ADD249-2C81-40D6-AC4A-EEEA5CD1E709}.Release|Any CPU.Build.0 = Release|Any CPU
	EndGlobalSection
	GlobalSection(SolutionProperties) = preSolution
		HideSolutionNode = FALSE
	EndGlobalSection
	GlobalSection(ExtensibilityGlobals) = postSolution
		SolutionGuid = {74809FF0-49E6-4C9D-B981-75FCE70690F4}
	EndGlobalSection
EndGlobal
